{
    "_meta": {
        "hash": {
            "sha256": "d8ad63a7e6218771220dee3c1b067491ebbdb9b5453b8c8a9212be846d06c753"
        },
        "pipfile-spec": 6,
        "requires": {
            "python_version": "3.11"
        },
        "sources": [
            {
                "name": "pypi",
                "url": "https://pypi.org/simple",
                "verify_ssl": true
            }
        ]
    },
    "default": {},
    "develop": {
        "pycodestyle": {
            "hashes": [
                "sha256:259bcc17857d8a8b3b4a2327324b79e5f020a13c16074670f9c8c8f872ea76d0",
                "sha256:5d1013ba8dc7895b548be5afb05740ca82454fd899971563d2ef625d090326f8"
            ],
            "index": "pypi",
            "markers": "python_version >= '3.8'",
            "version": "==2.11.0"
        }
    }
}
